Microsoft Visual Studio Solution File, Format Version 9.00
# Visual Studio 2005
Project("{FAE04EC0-301F-11D3-BF4B-00C04F79EFBC}") = "BattleShip", "BattleShip.csproj", "{B43E9CBB-4AFD-4DD5-912A-D7F4C074BD68}"
EndProject
Global
	GlobalSection(SolutionConfigurationPlatforms) = preSolution
		Debug|Any CPU = Debug|Any CPU
		Release|Any CPU = Release|Any CPU
	EndGlobalSection
	GlobalSection(ProjectDependencies) = postSolution
	EndGlobalSection
	GlobalSection(ProjectConfiguration) = postSolution
		{B43E9CBB-4AFD-4DD5-912A-D7F4C074BD68}.Debug|Any CPU.ActiveCfg = Debug|Any CPU
		{B43E9CBB-4AFD-4DD5-912A-D7F4C074BD68}.Debug|Any CPU.Build.0 = Debug|Any CPU
		{B43E9CBB-4AFD-4DD5-912A-D7F4C074BD68}.Release|Any CPU.ActiveCfg = Release|Any CPU
		{B43E9CBB-4AFD-4DD5-912A-D7F4C074BD68}.Release|Any CPU.Build.0 = Release|Any CPU
	EndGlobalSection
	GlobalSection(SolutionProperties) = preSolution
		HideSolutionNode = FALSE
	EndGlobalSection
EndGlobal